
Microsoft Visual Studio Solution File, Format Version 12.00
# Visual Studio 14
VisualStudioVersion = 14.0.25420.1
MinimumVisualStudioVersion = 10.0.40219.1
Project("{FAE04EC0-301F-11D3-BF4B-00C04F79EFBC}") = "VariadicGenericsSample", "VariadicGenericsSample\VariadicGenericsSample.csproj", "{382C80ED-E601-4956-A859-08FEAF9C77A8}"
EndProject
Project("{FAE04EC0-301F-11D3-BF4B-00C04F79EFBC}") = "VariadicGenerics", "VariadicGenerics\VariadicGenerics.csproj", "{D4FE3FD3-AF19-4077-A521-35DF4C9536E0}"
EndProject
Global
	GlobalSection(SolutionConfigurationPlatforms) = preSolution
		Debug|Any CPU = Debug|Any CPU
		Release|Any CPU = Release|Any CPU
	EndGlobalSection
	GlobalSection(ProjectConfigurationPlatforms) = postSolution
		{382C80ED-E601-4956-A859-08FEAF9C77A8}.Debug|Any CPU.ActiveCfg = Debug|Any CPU
		{382C80ED-E601-4956-A859-08FEAF9C77A8}.Debug|Any CPU.Build.0 = Debug|Any CPU
		{382C80ED-E601-4956-A859-08FEAF9C77A8}.Release|Any CPU.ActiveCfg = Release|Any CPU
		{382C80ED-E601-4956-A859-08FEAF9C77A8}.Release|Any CPU.Build.0 = Release|Any CPU
		{D4FE3FD3-AF19-4077-A521-35DF4C9536E0}.Debug|Any CPU.ActiveCfg = Debug|Any CPU
		{D4FE3FD3-AF19-4077-A521-35DF4C9536E0}.Debug|Any CPU.Build.0 = Debug|Any CPU
		{D4FE3FD3-AF19-4077-A521-35DF4C9536E0}.Release|Any CPU.ActiveCfg = Release|Any CPU
		{D4FE3FD3-AF19-4077-A521-35DF4C9536E0}.Release|Any CPU.Build.0 = Release|Any CPU
	EndGlobalSection
	GlobalSection(SolutionProperties) = preSolution
		HideSolutionNode = FALSE
	EndGlobalSection
EndGlobal
